<?xml version="1.0" encoding="utf-8"?>
<Project ToolsVersion="4.0" xmlns="http://schemas.microsoft.com/developer/msbuild/2003">
  <ItemGroup>
    <Filter Include="database">
      <UniqueIdentifier>{5da1e30f-5c5b-4255-922f-22049fe08852}</UniqueIdentifier>
    </Filter>
    <Filter Include="network">
      <UniqueIdentifier>{c2fb6b09-e3ba-4507-a299-af34eb3f53d3}</UniqueIdentifier>
    </Filter>
    <Filter Include="server">
      <UniqueIdentifier>{00f936b6-a5cd-40c9-a0fd-1461994bf790}</UniqueIdentifier>
    </Filter>
    <Filter Include="world">
      <UniqueIdentifier>{4dbf9b00-f5b1-4121-a2db-ea91c38fa109}</UniqueIdentifier>
    </Filter>
    <Filter Include="object">
      <UniqueIdentifier>{704b39b4-a112-4a80-a0ad-c596f7849ac3}</UniqueIdentifier>
    </Filter>
    <Filter Include="database\nanodbc">
      <UniqueIdentifier>{a20900b5-5cba-4105-97e0-3d0a4038269e}</UniqueIdentifier>
    </Filter>
    <Filter Include="network\packet">
      <UniqueIdentifier>{154b0ab8-6b50-4b5f-a4dc-2d6a451005b8}</UniqueIdentifier>
    </Filter>
    <Filter Include="network\packet\account">
      <UniqueIdentifier>{669b113d-f7dc-48a2-ae82-aa5dbb8380c7}</UniqueIdentifier>
    </Filter>
    <Filter Include="database\procedure">
      <UniqueIdentifier>{1e59100c-d99b-4e80-ae2c-bfb77eb70a9c}</UniqueIdentifier>
    </Filter>
    <Filter Include="components">
      <UniqueIdentifier>{62f4590d-59ad-4a2c-aca2-1d27aa1982ed}</UniqueIdentifier>
    </Filter>
    <Filter Include="navigation">
      <UniqueIdentifier>{64bb46cd-30e4-4802-a550-b9a27a877047}</UniqueIdentifier>
    </Filter>
  </ItemGroup>
  <ItemGroup>
    <ClCompile Include="database\DB.cpp">
      <Filter>database</Filter>
    </ClCompile>
    <ClCompile Include="main.cpp" />
    <ClCompile Include="world\field.cpp">
      <Filter>world</Filter>
    </ClCompile>
    <ClCompile Include="world\zone.cpp">
      <Filter>world</Filter>
    </ClCompile>
    <ClCompile Include="world\world_manager.cpp">
      <Filter>world</Filter>
    </ClCompile>
    <ClCompile Include="object\character.cpp">
      <Filter>object</Filter>
    </ClCompile>
    <ClCompile Include="database\nanodbc\nanodbc.cpp">
      <Filter>database\nanodbc</Filter>
    </ClCompile>
    <ClCompile Include="network\packet\packet_manager.cpp">
      <Filter>network\packet</Filter>
    </ClCompile>
    <ClCompile Include="network\packet\account\account_packets.cpp">
      <Filter>network\packet\account</Filter>
    </ClCompile>
    <ClCompile Include="components\transform.cpp">
      <Filter>components</Filter>
    </ClCompile>
    <ClCompile Include="object\game_object.cpp">
      <Filter>object</Filter>
    </ClCompile>
    <ClCompile Include="components\ai.cpp">
      <Filter>components</Filter>
    </ClCompile>
    <ClCompile Include="object\npc.cpp">
      <Filter>object</Filter>
    </ClCompile>
    <ClCompile Include="navigation\navigation.cpp">
      <Filter>navigation</Filter>
    </ClCompile>
    <ClCompile Include="navigation\pathfinder_grid.cpp">
      <Filter>navigation</Filter>
    </ClCompile>
  </ItemGroup>
  <ItemGroup>
    <ClInclude Include="database\DB.h">
      <Filter>database</Filter>
    </ClInclude>
    <ClInclude Include="pch.h" />
    <ClInclude Include="world\field.h">
      <Filter>world</Filter>
    </ClInclude>
    <ClInclude Include="world\zone.h">
      <Filter>world</Filter>
    </ClInclude>
    <ClInclude Include="world\world_manager.h">
      <Filter>world</Filter>
    </ClInclude>
    <ClInclude Include="network\client_session.h">
      <Filter>network</Filter>
    </ClInclude>
    <ClInclude Include="server\server_enum.h">
      <Filter>server</Filter>
    </ClInclude>
    <ClInclude Include="server\net_server.h">
      <Filter>server</Filter>
    </ClInclude>
    <ClInclude Include="object\character.h">
      <Filter>object</Filter>
    </ClInclude>
    <ClInclude Include="database\nanodbc\nanodbc.h">
      <Filter>database\nanodbc</Filter>
    </ClInclude>
    <ClInclude Include="network\packet\packet_manager.h">
      <Filter>network\packet</Filter>
    </ClInclude>
    <ClInclude Include="network\packet\account\account_packets.h">
      <Filter>network\packet\account</Filter>
    </ClInclude>
    <ClInclude Include="components\transform.h">
      <Filter>components</Filter>
    </ClInclude>
    <ClInclude Include="object\game_object.h">
      <Filter>object</Filter>
    </ClInclude>
    <ClInclude Include="components\ai.h">
      <Filter>components</Filter>
    </ClInclude>
    <ClInclude Include="object\npc.h">
      <Filter>object</Filter>
    </ClInclude>
    <ClInclude Include="navigation\navigation.h">
      <Filter>navigation</Filter>
    </ClInclude>
    <ClInclude Include="navigation\pathfinder_grid.h">
      <Filter>navigation</Filter>
    </ClInclude>
  </ItemGroup>
  <ItemGroup>
    <None Include="..\procedure\add_chat.sql">
      <Filter>database\procedure</Filter>
    </None>
    <None Include="..\procedure\create_account_table.sql">
      <Filter>database\procedure</Filter>
    </None>
    <None Include="..\procedure\create_character.sql">
      <Filter>database\procedure</Filter>
    </None>
    <None Include="..\procedure\create_character_table.sql">
      <Filter>database\procedure</Filter>
    </None>
    <None Include="..\procedure\select_character_nickname.sql">
      <Filter>database\procedure</Filter>
    </None>
    <None Include="..\procedure\select_characters.sql">
      <Filter>database\procedure</Filter>
    </None>
  </ItemGroup>
</Project>